
Microsoft Visual Studio Solution File, Format Version 11.00
# Visual Studio 2010
Project("{FAE04EC0-301F-11D3-BF4B-00C04F79EFBC}") = "Assembly-CSharp", "Assembly-CSharp.csproj", "{e3f19bb3-58a1-37b5-ff12-a5d704fa460f}"
EndProject
Project("{FAE04EC0-301F-11D3-BF4B-00C04F79EFBC}") = "Assembly-CSharp-Editor", "Assembly-CSharp-Editor.csproj", "{f97d275f-e86c-834c-72ac-cf529be65ef5}"
EndProject
Global
	GlobalSection(SolutionConfigurationPlatforms) = preSolution
		Debug|Any CPU = Debug|Any CPU
	EndGlobalSection
	GlobalSection(ProjectConfigurationPlatforms) = postSolution
		{e3f19bb3-58a1-37b5-ff12-a5d704fa460f}.Debug|Any CPU.ActiveCfg = Debug|Any CPU
		{e3f19bb3-58a1-37b5-ff12-a5d704fa460f}.Debug|Any CPU.Build.0 = Debug|Any CPU
		{f97d275f-e86c-834c-72ac-cf529be65ef5}.Debug|Any CPU.ActiveCfg = Debug|Any CPU
		{f97d275f-e86c-834c-72ac-cf529be65ef5}.Debug|Any CPU.Build.0 = Debug|Any CPU
	EndGlobalSection
	GlobalSection(SolutionProperties) = preSolution
		HideSolutionNode = FALSE
	EndGlobalSection
EndGlobal
